
Microsoft Visual Studio Solution File, Format Version 12.00
# Visual Studio Version 17
VisualStudioVersion = 17.1.32421.90
MinimumVisualStudioVersion = 10.0.40219.1
Project("{FAE04EC0-301F-11D3-BF4B-00C04F79EFBC}") = "MySql more testing", "MySql more testing\MySql more testing.csproj", "{FA523477-5156-4A3E-8EA9-62F248F32FC5}"
EndProject
Global
	GlobalSection(SolutionConfigurationPlatforms) = preSolution
		Debug|Any CPU = Debug|Any CPU
		Release|Any CPU = Release|Any CPU
	EndGlobalSection
	GlobalSection(ProjectConfigurationPlatforms) = postSolution
		{FA523477-5156-4A3E-8EA9-62F248F32FC5}.Debug|Any CPU.ActiveCfg = Debug|Any CPU
		{FA523477-5156-4A3E-8EA9-62F248F32FC5}.Debug|Any CPU.Build.0 = Debug|Any CPU
		{FA523477-5156-4A3E-8EA9-62F248F32FC5}.Release|Any CPU.ActiveCfg = Release|Any CPU
		{FA523477-5156-4A3E-8EA9-62F248F32FC5}.Release|Any CPU.Build.0 = Release|Any CPU
	EndGlobalSection
	GlobalSection(SolutionProperties) = preSolution
		HideSolutionNode = FALSE
	EndGlobalSection
	GlobalSection(ExtensibilityGlobals) = postSolution
		SolutionGuid = {A1248951-1BA7-4833-BF5E-4C279FB0C23E}
	EndGlobalSection
EndGlobal
